
Microsoft Visual Studio Solution File, Format Version 12.00
# Visual Studio Version 16
VisualStudioVersion = 16.0.31515.178
MinimumVisualStudioVersion = 10.0.40219.1
Project("{FAE04EC0-301F-11D3-BF4B-00C04F79EFBC}") = "WordListCleanser", "WordListCleanser\WordListCleanser.csproj", "{7EF6CA04-FA3C-45DE-9BB8-70FC07AB2C0E}"
EndProject
Global
	GlobalSection(SolutionConfigurationPlatforms) = preSolution
		Debug|Any CPU = Debug|Any CPU
		Release|Any CPU = Release|Any CPU
	EndGlobalSection
	GlobalSection(ProjectConfigurationPlatforms) = postSolution
		{7EF6CA04-FA3C-45DE-9BB8-70FC07AB2C0E}.Debug|Any CPU.ActiveCfg = Debug|Any CPU
		{7EF6CA04-FA3C-45DE-9BB8-70FC07AB2C0E}.Debug|Any CPU.Build.0 = Debug|Any CPU
		{7EF6CA04-FA3C-45DE-9BB8-70FC07AB2C0E}.Release|Any CPU.ActiveCfg = Release|Any CPU
		{7EF6CA04-FA3C-45DE-9BB8-70FC07AB2C0E}.Release|Any CPU.Build.0 = Release|Any CPU
	EndGlobalSection
	GlobalSection(SolutionProperties) = preSolution
		HideSolutionNode = FALSE
	EndGlobalSection
	GlobalSection(ExtensibilityGlobals) = postSolution
		SolutionGuid = {3073602D-B1A1-4E72-BB60-471E02229F61}
	EndGlobalSection
EndGlobal
